# This file was autogenerated by Stack.
# You should not edit this file by hand.
# For more information, please see the documentation at:
#   https://docs.haskellstack.org/en/stable/lock_files

packages:
- completed:
    hackage: logict-state-0.1.0.5@sha256:4b5ae70cd6915d348fc41af3b6dddc58c7c52744e76e49cdfdc1efe61866558e,1333
    pantry-tree:
      size: 466
      sha256: 049259f69178d6645ec43379cebe0c5444306b998906d4f617cad122633c38c0
  original:
    hackage: logict-state-0.1.0.5@sha256:4b5ae70cd6915d348fc41af3b6dddc58c7c52744e76e49cdfdc1efe61866558e,1333
snapshots:
- completed:
    size: 586923
    url: https://raw.githubusercontent.com/commercialhaskell/stackage-snapshots/master/lts/18/9.yaml
    sha256: 9f9fe35c949414146840a985fb228fd397c504d1781b834bfc9ab935f4d27df6
  original: lts-18.9
